# THIS IS AN AUTOGENERATED FILE. DO NOT EDIT THIS FILE DIRECTLY.
# yarn lockfile v1


blueimp-load-image@*:
  version "5.16.0"
  resolved "https://registry.yarnpkg.com/blueimp-load-image/-/blueimp-load-image-5.16.0.tgz#16b763f57e6725f8865517bca8eb7c3dc7d41e09"
  integrity sha512-3DUSVdOtlfNRk7moRZuTwDmA3NnG8KIJuLcq3c0J7/BIr6X3Vb/EpX3kUH1joxUhmoVF4uCpDfz7wHkz8pQajA==

cropperjs@*:
  version "1.5.12"
  resolved "https://registry.yarnpkg.com/cropperjs/-/cropperjs-1.5.12.tgz#d9c0db2bfb8c0d769d51739e8f916bbc44e10f50"
  integrity sha512-re7UdjE5UnwdrovyhNzZ6gathI4Rs3KGCBSc8HCIjUo5hO42CtzyblmWLj6QWVw7huHyDMfpKxhiO2II77nhDw==

featherlight@*:
  version "1.7.14"
  resolved "https://registry.yarnpkg.com/featherlight/-/featherlight-1.7.14.tgz#7896909d0d7ac4672c334ba018363e519d31e4db"
  integrity sha512-4R0Vk0pTN5IPCuMABPtXJ6hgGgoK1qwbxGB4Nf06gXovw/i+r3s/f94ksZYjsW3c2oMEAS9A8exdlNaX9YSSRQ==

"foxy@git+https://Rizanola@bitbucket.org/Rizanola/foxy.git":
  version "1.6.0"
  resolved "git+https://Rizanola@bitbucket.org/Rizanola/foxy.git#5e27a6fe88539c1aade54337650c58d939240c39"

glur@^1.1.2:
  version "1.1.2"
  resolved "https://registry.yarnpkg.com/glur/-/glur-1.1.2.tgz#f20ea36db103bfc292343921f1f91e83c3467689"
  integrity sha1-8g6jbbEDv8KSNDkh8fkeg8NGdok=

jquery@*:
  version "3.6.0"
  resolved "https://registry.yarnpkg.com/jquery/-/jquery-3.6.0.tgz#c72a09f15c1bdce142f49dbf1170bdf8adac2470"
  integrity sha512-JVzAR/AjBvVt2BmYhxRCSYysDsPcssdmTFnzyLEts9qNwmjmu4JTAMYubEfwVOSwpQ1I1sKKFcxhZCI2buerfw==

js-cookie@*:
  version "3.0.1"
  resolved "https://registry.yarnpkg.com/js-cookie/-/js-cookie-3.0.1.tgz#9e39b4c6c2f56563708d7d31f6f5f21873a92414"
  integrity sha512-+0rgsUXZu4ncpPxRL+lNEptWMOWl9etvPHc/koSRp6MPwpRYAhmk0dUG00J4bxVV3r9uUzfo24wW0knS07SKSw==

lightgallery@*:
  version "2.4.0"
  resolved "https://registry.yarnpkg.com/lightgallery/-/lightgallery-2.4.0.tgz#b22b355bdbd48d3129e15c9d7d17e8e65bb2a17c"
  integrity sha512-9i/E/w3yaqs56y3k6SWIUS3JTLpeDCZIVnIuNppzAmj5KjLGy5wrFisoDUD0HdxVUdX0wHG5mjvB4h0TXtyf/w==

multimath@^2.0.0:
  version "2.0.0"
  resolved "https://registry.yarnpkg.com/multimath/-/multimath-2.0.0.tgz#0d37acf67c328f30e3d8c6b0d3209e6082710302"
  integrity sha512-toRx66cAMJ+Ccz7pMIg38xSIrtnbozk0dchXezwQDMgQmbGpfxjtv68H+L00iFL8hxDaVjrmwAFSb3I6bg8Q2g==
  dependencies:
    glur "^1.1.2"
    object-assign "^4.1.1"

object-assign@^4.1.1:
  version "4.1.1"
  resolved "https://registry.yarnpkg.com/object-assign/-/object-assign-4.1.1.tgz#2109adc7965887cfc05cbbd442cac8bfbb360863"
  integrity sha1-IQmtx5ZYh8/AXLvUQsrIv7s2CGM=

pica@*:
  version "9.0.1"
  resolved "https://registry.yarnpkg.com/pica/-/pica-9.0.1.tgz#9ba5a5e81fc09dca9800abef9fb8388434b18b2f"
  integrity sha512-v0U4vY6Z3ztz9b4jBIhCD3WYoecGXCQeCsYep+sXRefViL+mVVoTL+wqzdPeE+GpBFsRUtQZb6dltvAt2UkMtQ==
  dependencies:
    glur "^1.1.2"
    multimath "^2.0.0"
    object-assign "^4.1.1"
    webworkify "^1.5.0"

slick-carousel@*:
  version "1.8.1"
  resolved "https://registry.yarnpkg.com/slick-carousel/-/slick-carousel-1.8.1.tgz#a4bfb29014887bb66ce528b90bd0cda262cc8f8d"
  integrity sha512-XB9Ftrf2EEKfzoQXt3Nitrt/IPbT+f1fgqBdoxO3W/+JYvtEOW6EgxnWfr9GH6nmULv7Y2tPmEX3koxThVmebA==

smartcrop@*:
  version "2.0.5"
  resolved "https://registry.yarnpkg.com/smartcrop/-/smartcrop-2.0.5.tgz#36828aead8823d20f6cb058819bca4d7480ece4b"
  integrity sha512-aXoHTM8XlC51g96kgZkYxZ2mx09/ibOrIVLiUNOFozV/MHmFSgEr1/5CKVBoFD5vd+re2wSy0xra21CyjRITzA==

sortablejs@*:
  version "1.15.0"
  resolved "https://registry.yarnpkg.com/sortablejs/-/sortablejs-1.15.0.tgz#53230b8aa3502bb77a29e2005808ffdb4a5f7e2a"
  integrity sha512-bv9qgVMjUMf89wAvM6AxVvS/4MX3sPeN0+agqShejLU5z5GX4C75ow1O2e5k4L6XItUyAK3gH6AxSbXrOM5e8w==

sortablejs@1.10.2:
  version "1.10.2"
  resolved "https://registry.yarnpkg.com/sortablejs/-/sortablejs-1.10.2.tgz#6e40364d913f98b85a14f6678f92b5c1221f5290"
  integrity sha512-YkPGufevysvfwn5rfdlGyrGjt7/CRHwvRPogD/lC+TnvcN29jDpCifKP+rBqf+LRldfXSTh+0CGLcSg0VIxq3A==

tinymce@*:
  version "6.0.1"
  resolved "https://registry.yarnpkg.com/tinymce/-/tinymce-6.0.1.tgz#ec832632e398661507cc51b2a7574d17655fb9c8"
  integrity sha512-+y3Lhm65GFs87gUfKuSWm2JA6ULHCC29trof4umIk2+TT+ql2poSsqsmRCSPN4elEo4EssIgEPFVRyPvrS/pDg==

vue-router@~3.5:
  version "3.5.3"
  resolved "https://registry.yarnpkg.com/vue-router/-/vue-router-3.5.3.tgz#041048053e336829d05dafacf6a8fb669a2e7999"
  integrity sha512-FUlILrW3DGitS2h+Xaw8aRNvGTwtuaxrRkNSHWTizOfLUie7wuYwezeZ50iflRn8YPV5kxmU2LQuu3nM/b3Zsg==

vue@~2.6:
  version "2.6.14"
  resolved "https://registry.yarnpkg.com/vue/-/vue-2.6.14.tgz#e51aa5250250d569a3fbad3a8a5a687d6036e235"
  integrity sha512-x2284lgYvjOMj3Za7kqzRcUSxBboHqtgRE2zlos1qWaOye5yUmHn42LB1250NJBLRwEcdrB0JRwyPTEPhfQjiQ==

vuedraggable@*:
  version "2.24.3"
  resolved "https://registry.yarnpkg.com/vuedraggable/-/vuedraggable-2.24.3.tgz#43c93849b746a24ce503e123d5b259c701ba0d19"
  integrity sha512-6/HDXi92GzB+Hcs9fC6PAAozK1RLt1ewPTLjK0anTYguXLAeySDmcnqE8IC0xa7shvSzRjQXq3/+dsZ7ETGF3g==
  dependencies:
    sortablejs "1.10.2"

vuejs-datepicker@*:
  version "1.6.2"
  resolved "https://registry.yarnpkg.com/vuejs-datepicker/-/vuejs-datepicker-1.6.2.tgz#83c1e8fd4108e7f1d01c061a7e344918f25e47ae"
  integrity sha512-PkC4vxzFBo7i6FSCUAJfnaWOx6VkKbOqxijSGHHlWxh8FIUKEZVtFychkonVWtK3iwWfhmYtqHcwsmgxefLpLQ==

webworkify@^1.5.0:
  version "1.5.0"
  resolved "https://registry.yarnpkg.com/webworkify/-/webworkify-1.5.0.tgz#734ad87a774de6ebdd546e1d3e027da5b8f4a42c"
  integrity sha512-AMcUeyXAhbACL8S2hqqdqOLqvJ8ylmIbNwUIqQujRSouf4+eUFaXbG6F1Rbu+srlJMmxQWsiU7mOJi0nMBfM1g==
